{
  "version": 1,
  "dependencies": {
    "net9.0-windows7.0": {
      "DalamudPackager": {
        "type": "Direct",
        "requested": "[12.0.0, )",
        "resolved": "12.0.0",
        "contentHash": "J5TJLV3f16T/E2H2P17ClWjtfEBPpq3yxvqW46eN36JCm6wR+EaoaYkqG9Rm5sHqs3/nK/vKjWWyvEs/jhKoXw=="
      },
      "Discord.Net": {
        "type": "Direct",
        "requested": "[3.17.2, )",
        "resolved": "3.17.2",
        "contentHash": "jDyclg2hLkzB+bjVQlNo55wQUisTDG5vDwAjTMyn69djR0xG72Glln0xgjWMLHvdjVER4zSgwl6uq2r5jljmGA==",
        "dependencies": {
          "Discord.Net.Commands": "3.17.2",
          "Discord.Net.Core": "3.17.2",
          "Discord.Net.Interactions": "3.17.2",
          "Discord.Net.Rest": "3.17.2",
          "Discord.Net.WebSocket": "3.17.2",
          "Discord.Net.Webhook": "3.17.2"
        }
      },
      "Discord.Net.Core": {
        "type": "Direct",
        "requested": "[3.17.2, )",
        "resolved": "3.17.2",
        "contentHash": "mTjcgYqk0Qzd7Vq7m8fRmjjgAoravmxuIsxzbWGqYZYK30s6rDC//RFJYNTcBA3ZY9PSuX34S8gMo7nI4tqMVw==",
        "dependencies": {
          "Newtonsoft.Json": "13.0.3",
          "System.Collections.Immutable": "8.0.0",
          "System.Interactive.Async": "6.0.1",
          "System.ValueTuple": "4.5.0"
        }
      },
      "Discord.Net.Rest": {
        "type": "Direct",
        "requested": "[3.17.2, )",
        "resolved": "3.17.2",
        "contentHash": "8aq2lja/OLPKoesQnethQ1UltsIvaHBKfwPFxWd/tojcAP9Fju0OOTK6I9U7Wkq7szGASjNKuAjE+YO+lyx5Yg==",
        "dependencies": {
          "Discord.Net.Core": "3.17.2"
        }
      },
      "Discord.Net.Webhook": {
        "type": "Direct",
        "requested": "[3.17.2, )",
        "resolved": "3.17.2",
        "contentHash": "XcJ8wgvQ2gfMsWq9WuLfIpBIZN2Yji6G2QUqAD7D9FrxHBwcOxof9eVCukw+vU3wLT5r5cmjDax6FJMg2WhRBw==",
        "dependencies": {
          "Discord.Net.Core": "3.17.2",
          "Discord.Net.Rest": "3.17.2"
        }
      },
      "Discord.Net.WebSocket": {
        "type": "Direct",
        "requested": "[3.17.2, )",
        "resolved": "3.17.2",
        "contentHash": "yq/IfGJ3TfFa15dDzyoAOHEbXSDPRDf/HdNFxQj+P1h7Q95V5lIWSJqYHtgg01E8eRW6IFvWfBDhfcFatffe+Q==",
        "dependencies": {
          "Discord.Net.Core": "3.17.2",
          "Discord.Net.Rest": "3.17.2"
        }
      },
      "DotNet.ReproducibleBuilds": {
        "type": "Direct",
        "requested": "[1.2.25, )",
        "resolved": "1.2.25",
        "contentHash": "xCXiw7BCxHJ8pF6wPepRUddlh2dlQlbr81gXA72hdk4FLHkKXas7EH/n+fk5UCA/YfMqG1Z6XaPiUjDbUNBUzg=="
      },
      "NetStone": {
        "type": "Direct",
        "requested": "[1.4.1, )",
        "resolved": "1.4.1",
        "contentHash": "uJawEi8Bf66tOQwZ1UHIEuqY7QD3by79iZAy10YOz0p24+wDB9vEl/3QCEXw5pxBIVGGa2GnQ7m5gT8OmXjMOQ==",
        "dependencies": {
          "HtmlAgilityPack": "1.11.46",
          "Karashiiro.HtmlAgilityPack.CssSelectors.NetCoreFork": "0.0.2",
          "Newtonsoft.Json": "13.0.3"
        }
      },
      "Discord.Net.Commands": {
        "type": "Transitive",
        "resolved": "3.17.2",
        "contentHash": "carBI4BDwWwGogRnM1w4k6AZBqZ42jeMdY9O9/KqIRwX2e7B+Yt8bh99c/Ilrnonea17glQ3chsX3pwT4AzecA==",
        "dependencies": {
          "Discord.Net.Core": "3.17.2",
          "Microsoft.Extensions.DependencyInjection.Abstractions": "8.0.0"
        }
      },
      "Discord.Net.Interactions": {
        "type": "Transitive",
        "resolved": "3.17.2",
        "contentHash": "Cn8uKXSDZ5cmzaYmQUN3KaA9YKvfqb3H26HwDzZMU8WoKkLlbLa3Vmgf3BmMBCDoQGWuLHq9+r9OdR6rashluw==",
        "dependencies": {
          "Discord.Net.Core": "3.17.2",
          "Discord.Net.Rest": "3.17.2",
          "Microsoft.Extensions.DependencyInjection.Abstractions": "8.0.0",
          "System.Collections.Immutable": "8.0.0",
          "System.Reactive": "6.0.1"
        }
      },
      "HtmlAgilityPack": {
        "type": "Transitive",
        "resolved": "1.11.46",
        "contentHash": "dLMn4EVfJBHWmWK4Uh0XGD76FPLHI0qr2Tm0s1m/xmgiHb1JUb9zB8AzO8HtrkBBlMN6JfCUBYddhqC0hZNR+g=="
      },
      "Karashiiro.HtmlAgilityPack.CssSelectors.NetCoreFork": {
        "type": "Transitive",
        "resolved": "0.0.2",
        "contentHash": "+7cqe/+tN7gDW36pgrefSeyAQvhqznM34D0uTwnETgU25iAC6boPtblxbrMluW5rA9o6MzjEg4qZK7WrnT+tSw==",
        "dependencies": {
          "HtmlAgilityPack": "1.11.46"
        }
      },
      "Microsoft.Bcl.AsyncInterfaces": {
        "type": "Transitive",
        "resolved": "6.0.0",
        "contentHash": "UcSjPsst+DfAdJGVDsu346FX0ci0ah+lw3WRtn18NUwEqRt70HaOQ7lI72vy3+1LxtqI3T5GWwV39rQSrCzAeg=="
      },
      "Microsoft.Extensions.DependencyInjection.Abstractions": {
        "type": "Transitive",
        "resolved": "8.0.0",
        "contentHash": "cjWrLkJXK0rs4zofsK4bSdg+jhDLTaxrkXu4gS6Y7MAlCvRyNNgwY/lJi5RDlQOnSZweHqoyvgvbdvQsRIW+hg=="
      },
      "Newtonsoft.Json": {
        "type": "Transitive",
        "resolved": "13.0.3",
        "contentHash": "HrC5BXdl00IP9zeV+0Z848QWPAoCr9P3bDEZguI+gkLcBKAOxix/tLEAAHC+UvDNPv4a2d18lOReHMOagPa+zQ=="
      },
      "System.Collections.Immutable": {
        "type": "Transitive",
        "resolved": "8.0.0",
        "contentHash": "AurL6Y5BA1WotzlEvVaIDpqzpIPvYnnldxru8oXJU2yFxFUy3+pNXjXd1ymO+RA0rq0+590Q8gaz2l3Sr7fmqg=="
      },
      "System.Interactive.Async": {
        "type": "Transitive",
        "resolved": "6.0.1",
        "contentHash": "f8H1O4ZWDQo344y5NQU76G4SIjWMuKDVXL9OM1dg6K5YZnLkc8iCdQDybBvMcC6ufk61jzXGVAX6UCDu0qDSjA==",
        "dependencies": {
          "System.Linq.Async": "6.0.1"
        }
      },
      "System.Linq.Async": {
        "type": "Transitive",
        "resolved": "6.0.1",
        "contentHash": "0YhHcaroWpQ9UCot3Pizah7ryAzQhNvobLMSxeDIGmnXfkQn8u5owvpOH0K6EVB+z9L7u6Cc4W17Br/+jyttEQ==",
        "dependencies": {
          "Microsoft.Bcl.AsyncInterfaces": "6.0.0"
        }
      },
      "System.Reactive": {
        "type": "Transitive",
        "resolved": "6.0.1",
        "contentHash": "rHaWtKDwCi9qJ3ObKo8LHPMuuwv33YbmQi7TcUK1C264V3MFnOr5Im7QgCTdLniztP3GJyeiSg5x8NqYJFqRmg=="
      },
      "System.ValueTuple": {
        "type": "Transitive",
        "resolved": "4.5.0",
        "contentHash": "okurQJO6NRE/apDIP23ajJ0hpiNmJ+f0BwOlB/cSqTLQlw5upkf+5+96+iG2Jw40G1fCVCyPz/FhIABUjMR+RQ=="
      }
    }
  }
}