{
  "version": 1,
  "dependencies": {
    "net10.0-windows7.0": {
      "DalamudPackager": {
        "type": "Direct",
        "requested": "[15.0.0, )",
        "resolved": "15.0.0",
        "contentHash": "411vwC8/X8Z/sQ2TI6v3SvOn66xFPeOjFn3Zn+h0d3Ox2t1kFm66AhDvmx/qcMwVrR+Hidxj0dadpQ2dgyXMBQ=="
      },
      "Discord.Net": {
        "type": "Direct",
        "requested": "[3.20.1, )",
        "resolved": "3.20.1",
        "contentHash": "w2FlsFEWtjXURyDsTvxpYhnkCxF4M04o4m5qc672bOcKvQQB+DE+HnpumaHPVzIbWAhxfT20tpHTpeR/Od41hg==",
        "dependencies": {
          "Discord.Net.Commands": "3.20.1",
          "Discord.Net.Core": "3.20.1",
          "Discord.Net.Interactions": "3.20.1",
          "Discord.Net.Rest": "3.20.1",
          "Discord.Net.WebSocket": "3.20.1",
          "Discord.Net.Webhook": "3.20.1"
        }
      },
      "Discord.Net.Core": {
        "type": "Direct",
        "requested": "[3.20.1, )",
        "resolved": "3.20.1",
        "contentHash": "fgWdbTlcd2ck05OoS03UBd/7kyrgHWATV9o2mvTwReqIB2CCcVPf5Qu8BpUpr3IgGYNHeVg+9J4KnK9DznYT4Q==",
        "dependencies": {
          "Newtonsoft.Json": "13.0.4"
        }
      },
      "Discord.Net.Rest": {
        "type": "Direct",
        "requested": "[3.20.1, )",
        "resolved": "3.20.1",
        "contentHash": "vAmHwdpotchmz/rPicB2BrYoU2yWmMuFJhqDv/Ywi4nelIo/O7VYzzHD82iNGm3fYnD+2m+dCcZZGGgga3A7wQ==",
        "dependencies": {
          "Discord.Net.Core": "3.20.1"
        }
      },
      "Discord.Net.Webhook": {
        "type": "Direct",
        "requested": "[3.20.1, )",
        "resolved": "3.20.1",
        "contentHash": "HZ37Guk1FMYUmur+G8K3tUQwIst7HJyTziCA7F4F9LsOvluD60YEnz53XqJH+anyFf42t0tQeJFMbaCOy3jIiQ==",
        "dependencies": {
          "Discord.Net.Core": "3.20.1",
          "Discord.Net.Rest": "3.20.1"
        }
      },
      "Discord.Net.WebSocket": {
        "type": "Direct",
        "requested": "[3.20.1, )",
        "resolved": "3.20.1",
        "contentHash": "/JwHnqfAFkEfZ8nO3dKpImGEFG+pYG9KzcGvNYuHYztMsA2r9+bdk0Y1OxncL53zaE3053wq0AtwlXe8+CDfgQ==",
        "dependencies": {
          "Discord.Net.Core": "3.20.1",
          "Discord.Net.Dave": "3.20.1",
          "Discord.Net.Rest": "3.20.1"
        }
      },
      "DotNet.ReproducibleBuilds": {
        "type": "Direct",
        "requested": "[1.2.39, )",
        "resolved": "1.2.39",
        "contentHash": "fcFN01tDTIQqDuTwr1jUQK/geofiwjG5DycJQOnC72i1SsLAk1ELe+apBOuZ11UMQG8YKFZG1FgvjZPbqHyatg=="
      },
      "NetStone": {
        "type": "Direct",
        "requested": "[1.4.1, )",
        "resolved": "1.4.1",
        "contentHash": "uJawEi8Bf66tOQwZ1UHIEuqY7QD3by79iZAy10YOz0p24+wDB9vEl/3QCEXw5pxBIVGGa2GnQ7m5gT8OmXjMOQ==",
        "dependencies": {
          "HtmlAgilityPack": "1.11.46",
          "Karashiiro.HtmlAgilityPack.CssSelectors.NetCoreFork": "0.0.2",
          "Newtonsoft.Json": "13.0.3"
        }
      },
      "Discord.Net.Commands": {
        "type": "Transitive",
        "resolved": "3.20.1",
        "contentHash": "aHBGl0DXdGr25JXnLs95J1w+d2AKV5jDSssaa7fbnqkqx4ysGropaRl2h7zmwMMf+osfGh39jzM96fSHqXKzIQ==",
        "dependencies": {
          "Discord.Net.Core": "3.20.1",
          "Microsoft.Extensions.DependencyInjection.Abstractions": "10.0.0"
        }
      },
      "Discord.Net.Dave": {
        "type": "Transitive",
        "resolved": "3.20.1",
        "contentHash": "fsHIhE5dRHlihOsqwe3WNjgHiS9Xgh8XJWjsuJ/R1nfiSuGFYrEopF7EFMOpIs9z2aHaGKl8GurA8HP6RHoLWg=="
      },
      "Discord.Net.Interactions": {
        "type": "Transitive",
        "resolved": "3.20.1",
        "contentHash": "beNXMFsKwIW2OlCniG+QRAWvuC1bSypSktvMrhihIug02FgAlZKqcjt/EUHfOnMouOdtUXX0tY7NRKreEFIgEQ==",
        "dependencies": {
          "Discord.Net.Core": "3.20.1",
          "Discord.Net.Rest": "3.20.1",
          "Microsoft.Extensions.DependencyInjection.Abstractions": "10.0.0"
        }
      },
      "HtmlAgilityPack": {
        "type": "Transitive",
        "resolved": "1.11.46",
        "contentHash": "dLMn4EVfJBHWmWK4Uh0XGD76FPLHI0qr2Tm0s1m/xmgiHb1JUb9zB8AzO8HtrkBBlMN6JfCUBYddhqC0hZNR+g=="
      },
      "Karashiiro.HtmlAgilityPack.CssSelectors.NetCoreFork": {
        "type": "Transitive",
        "resolved": "0.0.2",
        "contentHash": "+7cqe/+tN7gDW36pgrefSeyAQvhqznM34D0uTwnETgU25iAC6boPtblxbrMluW5rA9o6MzjEg4qZK7WrnT+tSw==",
        "dependencies": {
          "HtmlAgilityPack": "1.11.46"
        }
      },
      "Microsoft.Extensions.DependencyInjection.Abstractions": {
        "type": "Transitive",
        "resolved": "10.0.0",
        "contentHash": "L3AdmZ1WOK4XXT5YFPEwyt0ep6l8lGIPs7F5OOBZc77Zqeo01Of7XXICy47628sdVl0v/owxYJTe86DTgFwKCA=="
      },
      "Newtonsoft.Json": {
        "type": "Transitive",
        "resolved": "13.0.4",
        "contentHash": "pdgNNMai3zv51W5aq268sujXUyx7SNdE2bj1wZcWjAQrKMFZV260lbqYop1d2GM67JI1huLRwxo9ZqnfF/lC6A=="
      }
    }
  }
}