{
  "version": 1,
  "dependencies": {
    "net8.0-windows7.0": {
      "DalamudPackager": {
        "type": "Direct",
        "requested": "[2.1.13, )",
        "resolved": "2.1.13",
        "contentHash": "rMN1omGe8536f4xLMvx9NwfvpAc9YFFfeXJ1t4P4PE6Gu8WCIoFliR1sh07hM+bfODmesk/dvMbji7vNI+B/pQ=="
      },
      "Discord.Net": {
        "type": "Direct",
        "requested": "[3.15.2, )",
        "resolved": "3.15.2",
        "contentHash": "+OwnSHaAJdKRLd8CVqSrlANX3EupQ5w5Vej2zor+wVcJ0ek7M3bZFzjJvXqx6cXeU6TQPBy6vpopzOwA2TU2Xg==",
        "dependencies": {
          "Discord.Net.Commands": "3.15.2",
          "Discord.Net.Core": "3.15.2",
          "Discord.Net.Interactions": "3.15.2",
          "Discord.Net.Rest": "3.15.2",
          "Discord.Net.WebSocket": "3.15.2",
          "Discord.Net.Webhook": "3.15.2"
        }
      },
      "Discord.Net.Core": {
        "type": "Direct",
        "requested": "[3.15.2, )",
        "resolved": "3.15.2",
        "contentHash": "985EAMCn8K9gS8WUAt+hF96nEvnbHGb8mqCFpxS1EO74MpgIZRk3DLHQeHhpEpX1R/NR/YdOvfw0aM/4bl3DGw==",
        "dependencies": {
          "Newtonsoft.Json": "13.0.3",
          "System.Collections.Immutable": "6.0.0",
          "System.Interactive.Async": "6.0.1",
          "System.ValueTuple": "4.5.0"
        }
      },
      "Discord.Net.Rest": {
        "type": "Direct",
        "requested": "[3.15.2, )",
        "resolved": "3.15.2",
        "contentHash": "P+SuiwjN1zBo9DMqgxIzlKNNZKaD47CfJyqlkbOtJUmfWhA9BDrmCgo/DSE+FTJAWEjiLO4rcQ8XEx/qDbkphg==",
        "dependencies": {
          "Discord.Net.Core": "3.15.2"
        }
      },
      "Discord.Net.Webhook": {
        "type": "Direct",
        "requested": "[3.15.2, )",
        "resolved": "3.15.2",
        "contentHash": "L14uU+rXa1ERqpl5K4xFERCM0LaSgWVBuTLJqt15pps0gsmEISr52NxZ1F9dcysi8YFfUSlREnJ+ih/PomJ8+g==",
        "dependencies": {
          "Discord.Net.Core": "3.15.2",
          "Discord.Net.Rest": "3.15.2"
        }
      },
      "Discord.Net.WebSocket": {
        "type": "Direct",
        "requested": "[3.15.2, )",
        "resolved": "3.15.2",
        "contentHash": "OmaDEPrqmW69dzKxvOKFioFunZYpP0dwrECa0pJn9RaDUQo86l/ToUjolUJ3imjJ2XaMKcRwJ95D5QfDe4KXXg==",
        "dependencies": {
          "Discord.Net.Core": "3.15.2",
          "Discord.Net.Rest": "3.15.2"
        }
      },
      "NetStone": {
        "type": "Direct",
        "requested": "[1.1.2, )",
        "resolved": "1.1.2",
        "contentHash": "y4Ycg/Ngz3q7yZJYW7zoZysigVyhdUkPpMn6/XLOKXw5VzKsqE4owj2rrybK42xx653zcDZ7FmybFAFMtIoJOQ==",
        "dependencies": {
          "HtmlAgilityPack": "1.11.46",
          "Karashiiro.HtmlAgilityPack.CssSelectors.NetCoreFork": "0.0.2",
          "Newtonsoft.Json": "13.0.3"
        }
      },
      "Discord.Net.Commands": {
        "type": "Transitive",
        "resolved": "3.15.2",
        "contentHash": "a55wlniMT0kr7w8h/zlpR3slBeA07qJaqOnuB/X7Kp8W7aOYD3le0+uMKu7Er2ypvysa8MMRMNRpn94OSqbA6w==",
        "dependencies": {
          "Discord.Net.Core": "3.15.2"
        }
      },
      "Discord.Net.Interactions": {
        "type": "Transitive",
        "resolved": "3.15.2",
        "contentHash": "w2ar8ga1mntK9gD/0zwV7m/9cQliah0C4KCweG+TXTljJTU9GLxXDBBGpMfo2jE2P5FSVS48gLGd5y6G+fxoKQ==",
        "dependencies": {
          "Discord.Net.Core": "3.15.2",
          "Discord.Net.Rest": "3.15.2",
          "Microsoft.Extensions.DependencyInjection.Abstractions": "6.0.0",
          "System.Collections.Immutable": "6.0.0",
          "System.Reactive": "6.0.0"
        }
      },
      "HtmlAgilityPack": {
        "type": "Transitive",
        "resolved": "1.11.46",
        "contentHash": "dLMn4EVfJBHWmWK4Uh0XGD76FPLHI0qr2Tm0s1m/xmgiHb1JUb9zB8AzO8HtrkBBlMN6JfCUBYddhqC0hZNR+g=="
      },
      "Karashiiro.HtmlAgilityPack.CssSelectors.NetCoreFork": {
        "type": "Transitive",
        "resolved": "0.0.2",
        "contentHash": "+7cqe/+tN7gDW36pgrefSeyAQvhqznM34D0uTwnETgU25iAC6boPtblxbrMluW5rA9o6MzjEg4qZK7WrnT+tSw==",
        "dependencies": {
          "HtmlAgilityPack": "1.11.46"
        }
      },
      "Microsoft.Bcl.AsyncInterfaces": {
        "type": "Transitive",
        "resolved": "6.0.0",
        "contentHash": "UcSjPsst+DfAdJGVDsu346FX0ci0ah+lw3WRtn18NUwEqRt70HaOQ7lI72vy3+1LxtqI3T5GWwV39rQSrCzAeg=="
      },
      "Microsoft.Extensions.DependencyInjection.Abstractions": {
        "type": "Transitive",
        "resolved": "6.0.0",
        "contentHash": "xlzi2IYREJH3/m6+lUrQlujzX8wDitm4QGnUu6kUXTQAWPuZY8i+ticFJbzfqaetLA6KR/rO6Ew/HuYD+bxifg=="
      },
      "Newtonsoft.Json": {
        "type": "Transitive",
        "resolved": "13.0.3",
        "contentHash": "HrC5BXdl00IP9zeV+0Z848QWPAoCr9P3bDEZguI+gkLcBKAOxix/tLEAAHC+UvDNPv4a2d18lOReHMOagPa+zQ=="
      },
      "System.Collections.Immutable": {
        "type": "Transitive",
        "resolved": "6.0.0",
        "contentHash": "l4zZJ1WU2hqpQQHXz1rvC3etVZN+2DLmQMO79FhOTZHMn8tDRr+WU287sbomD0BETlmKDn0ygUgVy9k5xkkJdA==",
        "dependencies": {
          "System.Runtime.CompilerServices.Unsafe": "6.0.0"
        }
      },
      "System.Interactive.Async": {
        "type": "Transitive",
        "resolved": "6.0.1",
        "contentHash": "f8H1O4ZWDQo344y5NQU76G4SIjWMuKDVXL9OM1dg6K5YZnLkc8iCdQDybBvMcC6ufk61jzXGVAX6UCDu0qDSjA==",
        "dependencies": {
          "System.Linq.Async": "6.0.1"
        }
      },
      "System.Linq.Async": {
        "type": "Transitive",
        "resolved": "6.0.1",
        "contentHash": "0YhHcaroWpQ9UCot3Pizah7ryAzQhNvobLMSxeDIGmnXfkQn8u5owvpOH0K6EVB+z9L7u6Cc4W17Br/+jyttEQ==",
        "dependencies": {
          "Microsoft.Bcl.AsyncInterfaces": "6.0.0"
        }
      },
      "System.Reactive": {
        "type": "Transitive",
        "resolved": "6.0.0",
        "contentHash": "31kfaW4ZupZzPsI5PVe77VhnvFF55qgma7KZr/E0iFTs6fmdhhG8j0mgEx620iLTey1EynOkEfnyTjtNEpJzGw=="
      },
      "System.Runtime.CompilerServices.Unsafe": {
        "type": "Transitive",
        "resolved": "6.0.0",
        "contentHash": "/iUeP3tq1S0XdNNoMz5C9twLSrM/TH+qElHkXWaPvuNOt+99G75NrV0OS2EqHx5wMN7popYjpc8oTjC1y16DLg=="
      },
      "System.ValueTuple": {
        "type": "Transitive",
        "resolved": "4.5.0",
        "contentHash": "okurQJO6NRE/apDIP23ajJ0hpiNmJ+f0BwOlB/cSqTLQlw5upkf+5+96+iG2Jw40G1fCVCyPz/FhIABUjMR+RQ=="
      }
    }
  }
}